
Microsoft Visual Studio Solution File, Format Version 12.00
# Visual Studio Version 16
VisualStudioVersion = 16.0.31205.134
MinimumVisualStudioVersion = 10.0.40219.1
Project("{FAE04EC0-301F-11D3-BF4B-00C04F79EFBC}") = "VĐKO1721050102", "VĐKO1721050102\VĐKO1721050102.csproj", "{079DEC84-29F4-4431-A684-0391415BA926}"
EndProject
Global
	GlobalSection(SolutionConfigurationPlatforms) = preSolution
		Debug|Any CPU = Debug|Any CPU
		Release|Any CPU = Release|Any CPU
	EndGlobalSection
	GlobalSection(ProjectConfigurationPlatforms) = postSolution
		{079DEC84-29F4-4431-A684-0391415BA926}.Debug|Any CPU.ActiveCfg = Debug|Any CPU
		{079DEC84-29F4-4431-A684-0391415BA926}.Debug|Any CPU.Build.0 = Debug|Any CPU
		{079DEC84-29F4-4431-A684-0391415BA926}.Release|Any CPU.ActiveCfg = Release|Any CPU
		{079DEC84-29F4-4431-A684-0391415BA926}.Release|Any CPU.Build.0 = Release|Any CPU
	EndGlobalSection
	GlobalSection(SolutionProperties) = preSolution
		HideSolutionNode = FALSE
	EndGlobalSection
	GlobalSection(ExtensibilityGlobals) = postSolution
		SolutionGuid = {72F1CAE7-92AA-4AA8-A549-7F8811EDB025}
	EndGlobalSection
EndGlobal
